# This file is automatically @generated by Cargo.
# It is not intended for manual editing.
[[package]]
name = "randomize"
version = "3.0.0"
source = "registry+https://github.com/rust-lang/crates.io-index"

[[package]]
name = "splatter-calc"
version = "0.1.0"
dependencies = [
 "randomize 3.0.0 (registry+https://github.com/rust-lang/crates.io-index)",
]

[metadata]
"checksum randomize 3.0.0 (registry+https://github.com/rust-lang/crates.io-index)" = "bd6f0f64ee91e11fe1b02debad386edc74c0eb815adde432733c014f1bff2a5f"
